
Microsoft Visual Studio Solution File, Format Version 12.00
# Visual Studio 15
VisualStudioVersion = 15.0.28307.960
MinimumVisualStudioVersion = 10.0.40219.1
Project("{FAE04EC0-301F-11D3-BF4B-00C04F79EFBC}") = "WebApplication5", "WebApplication5\WebApplication5.csproj", "{6C7512E0-E6E6-4994-9550-8D1DB547040C}"
EndProject
Global
	GlobalSection(SolutionConfigurationPlatforms) = preSolution
		Debug|Any CPU = Debug|Any CPU
		Release|Any CPU = Release|Any CPU
	EndGlobalSection
	GlobalSection(ProjectConfigurationPlatforms) = postSolution
		{6C7512E0-E6E6-4994-9550-8D1DB547040C}.Debug|Any CPU.ActiveCfg = Debug|Any CPU
		{6C7512E0-E6E6-4994-9550-8D1DB547040C}.Debug|Any CPU.Build.0 = Debug|Any CPU
		{6C7512E0-E6E6-4994-9550-8D1DB547040C}.Release|Any CPU.ActiveCfg = Release|Any CPU
		{6C7512E0-E6E6-4994-9550-8D1DB547040C}.Release|Any CPU.Build.0 = Release|Any CPU
	EndGlobalSection
	GlobalSection(SolutionProperties) = preSolution
		HideSolutionNode = FALSE
	EndGlobalSection
	GlobalSection(ExtensibilityGlobals) = postSolution
		SolutionGuid = {51DB9B91-6781-460C-AC03-ADF69EDC0019}
	EndGlobalSection
EndGlobal
